{
  "name": "websocket-client-js",
  "version": "1.0.0",
  "lockfileVersion": 1,
  "requires": true,
  "dependencies": {
    "promise-simple-class": {
      "version": "1.0.1",
      "resolved": "https://registry.npmjs.org/promise-simple-class/-/promise-simple-class-1.0.1.tgz",
      "integrity": "sha512-U5iAgfL3qI2mXnTJbfpCi5R0hCD/e+7k6bFmduUEYS7RTkuJ9ZC6/JL1/mKPQ/Ongkqm1DEHCRVgD3Os/odf5g=="
    }
  }
}
